
Microsoft Visual Studio Solution File, Format Version 12.00
# Visual Studio 14
VisualStudioVersion = 14.0.25420.1
MinimumVisualStudioVersion = 10.0.40219.1
Project("{FAE04EC0-301F-11D3-BF4B-00C04F79EFBC}") = "App5", "App5\App5\App5.csproj", "{CAB24CE6-32EF-45F0-B402-70CA29BFE89F}"
EndProject
Project("{FAE04EC0-301F-11D3-BF4B-00C04F79EFBC}") = "App5.Droid", "App5\App5.Droid\App5.Droid.csproj", "{69FBFCE1-207A-44D5-A497-9FF7B32D8D0F}"
EndProject
Project("{FAE04EC0-301F-11D3-BF4B-00C04F79EFBC}") = "App5.iOS", "App5\App5.iOS\App5.iOS.csproj", "{FF4A9C94-E75C-43F0-89D1-7EEDB88B3CAE}"
EndProject
Project("{FAE04EC0-301F-11D3-BF4B-00C04F79EFBC}") = "App5.WinPhone", "App5\App5.WinPhone\App5.WinPhone.csproj", "{B4871414-0DA3-40CB-B72F-B31AD42500DF}"
EndProject
Project("{FAE04EC0-301F-11D3-BF4B-00C04F79EFBC}") = "App5.Windows", "App5\App5.Windows\App5.Windows.csproj", "{983F673B-F628-432E-A26C-9C218013BAED}"
EndProject
Global
	GlobalSection(SolutionConfigurationPlatforms) = preSolution
		Ad-Hoc|Any CPU = Ad-Hoc|Any CPU
		Ad-Hoc|ARM = Ad-Hoc|ARM
		Ad-Hoc|iPhone = Ad-Hoc|iPhone
		Ad-Hoc|iPhoneSimulator = Ad-Hoc|iPhoneSimulator
		Ad-Hoc|x64 = Ad-Hoc|x64
		Ad-Hoc|x86 = Ad-Hoc|x86
		AppStore|Any CPU = AppStore|Any CPU
		AppStore|ARM = AppStore|ARM
		AppStore|iPhone = AppStore|iPhone
		AppStore|iPhoneSimulator = AppStore|iPhoneSimulator
		AppStore|x64 = AppStore|x64
		AppStore|x86 = AppStore|x86
		Debug|Any CPU = Debug|Any CPU
		Debug|ARM = Debug|ARM
		Debug|iPhone = Debug|iPhone
		Debug|iPhoneSimulator = Debug|iPhoneSimulator
		Debug|x64 = Debug|x64
		Debug|x86 = Debug|x86
		Release|Any CPU = Release|Any CPU
		Release|ARM = Release|ARM
		Release|iPhone = Release|iPhone
		Release|iPhoneSimulator = Release|iPhoneSimulator
		Release|x64 = Release|x64
		Release|x86 = Release|x86
	EndGlobalSection
	GlobalSection(ProjectConfigurationPlatforms) = postSolution
		{CAB24CE6-32EF-45F0-B402-70CA29BFE89F}.Ad-Hoc|Any CPU.ActiveCfg = Release|Any CPU
		{CAB24CE6-32EF-45F0-B402-70CA29BFE89F}.Ad-Hoc|Any CPU.Build.0 = Release|Any CPU
		{CAB24CE6-32EF-45F0-B402-70CA29BFE89F}.Ad-Hoc|ARM.ActiveCfg = Release|Any CPU
		{CAB24CE6-32EF-45F0-B402-70CA29BFE89F}.Ad-Hoc|ARM.Build.0 = Release|Any CPU
		{CAB24CE6-32EF-45F0-B402-70CA29BFE89F}.Ad-Hoc|iPhone.ActiveCfg = Release|Any CPU
		{CAB24CE6-32EF-45F0-B402-70CA29BFE89F}.Ad-Hoc|iPhone.Build.0 = Release|Any CPU
		{CAB24CE6-32EF-45F0-B402-70CA29BFE89F}.Ad-Hoc|iPhoneSimulator.ActiveCfg = Release|Any CPU
		{CAB24CE6-32EF-45F0-B402-70CA29BFE89F}.Ad-Hoc|iPhoneSimulator.Build.0 = Release|Any CPU
		{CAB24CE6-32EF-45F0-B402-70CA29BFE89F}.Ad-Hoc|x64.ActiveCfg = Release|Any CPU
		{CAB24CE6-32EF-45F0-B402-70CA29BFE89F}.Ad-Hoc|x64.Build.0 = Release|Any CPU
		{CAB24CE6-32EF-45F0-B402-70CA29BFE89F}.Ad-Hoc|x86.ActiveCfg = Release|Any CPU
		{CAB24CE6-32EF-45F0-B402-70CA29BFE89F}.Ad-Hoc|x86.Build.0 = Release|Any CPU
		{CAB24CE6-32EF-45F0-B402-70CA29BFE89F}.AppStore|Any CPU.ActiveCfg = Release|Any CPU
		{CAB24CE6-32EF-45F0-B402-70CA29BFE89F}.AppStore|Any CPU.Build.0 = Release|Any CPU
		{CAB24CE6-32EF-45F0-B402-70CA29BFE89F}.AppStore|ARM.ActiveCfg = Release|Any CPU
		{CAB24CE6-32EF-45F0-B402-70CA29BFE89F}.AppStore|ARM.Build.0 = Release|Any CPU
		{CAB24CE6-32EF-45F0-B402-70CA29BFE89F}.AppStore|iPhone.ActiveCfg = Release|Any CPU
		{CAB24CE6-32EF-45F0-B402-70CA29BFE89F}.AppStore|iPhone.Build.0 = Release|Any CPU
		{CAB24CE6-32EF-45F0-B402-70CA29BFE89F}.AppStore|iPhoneSimulator.ActiveCfg = Release|Any CPU
		{CAB24CE6-32EF-45F0-B402-70CA29BFE89F}.AppStore|iPhoneSimulator.Build.0 = Release|Any CPU
		{CAB24CE6-32EF-45F0-B402-70CA29BFE89F}.AppStore|x64.ActiveCfg = Release|Any CPU
		{CAB24CE6-32EF-45F0-B402-70CA29BFE89F}.AppStore|x64.Build.0 = Release|Any CPU
		{CAB24CE6-32EF-45F0-B402-70CA29BFE89F}.AppStore|x86.ActiveCfg = Release|Any CPU
		{CAB24CE6-32EF-45F0-B402-70CA29BFE89F}.AppStore|x86.Build.0 = Release|Any CPU
		{CAB24CE6-32EF-45F0-B402-70CA29BFE89F}.Debug|Any CPU.ActiveCfg = Debug|Any CPU
		{CAB24CE6-32EF-45F0-B402-70CA29BFE89F}.Debug|Any CPU.Build.0 = Debug|Any CPU
		{CAB24CE6-32EF-45F0-B402-70CA29BFE89F}.Debug|ARM.ActiveCfg = Debug|Any CPU
		{CAB24CE6-32EF-45F0-B402-70CA29BFE89F}.Debug|ARM.Build.0 = Debug|Any CPU
		{CAB24CE6-32EF-45F0-B402-70CA29BFE89F}.Debug|iPhone.ActiveCfg = Debug|Any CPU
		{CAB24CE6-32EF-45F0-B402-70CA29BFE89F}.Debug|iPhone.Build.0 = Debug|Any CPU
		{CAB24CE6-32EF-45F0-B402-70CA29BFE89F}.Debug|iPhoneSimulator.ActiveCfg = Debug|Any CPU
		{CAB24CE6-32EF-45F0-B402-70CA29BFE89F}.Debug|iPhoneSimulator.Build.0 = Debug|Any CPU
		{CAB24CE6-32EF-45F0-B402-70CA29BFE89F}.Debug|x64.ActiveCfg = Debug|Any CPU
		{CAB24CE6-32EF-45F0-B402-70CA29BFE89F}.Debug|x64.Build.0 = Debug|Any CPU
		{CAB24CE6-32EF-45F0-B402-70CA29BFE89F}.Debug|x86.ActiveCfg = Debug|Any CPU
		{CAB24CE6-32EF-45F0-B402-70CA29BFE89F}.Debug|x86.Build.0 = Debug|Any CPU
		{CAB24CE6-32EF-45F0-B402-70CA29BFE89F}.Release|Any CPU.ActiveCfg = Release|Any CPU
		{CAB24CE6-32EF-45F0-B402-70CA29BFE89F}.Release|Any CPU.Build.0 = Release|Any CPU
		{CAB24CE6-32EF-45F0-B402-70CA29BFE89F}.Release|ARM.ActiveCfg = Release|Any CPU
		{CAB24CE6-32EF-45F0-B402-70CA29BFE89F}.Release|ARM.Build.0 = Release|Any CPU
		{CAB24CE6-32EF-45F0-B402-70CA29BFE89F}.Release|iPhone.ActiveCfg = Release|Any CPU
		{CAB24CE6-32EF-45F0-B402-70CA29BFE89F}.Release|iPhone.Build.0 = Release|Any CPU
		{CAB24CE6-32EF-45F0-B402-70CA29BFE89F}.Release|iPhoneSimulator.ActiveCfg = Release|Any CPU
		{CAB24CE6-32EF-45F0-B402-70CA29BFE89F}.Release|iPhoneSimulator.Build.0 = Release|Any CPU
		{CAB24CE6-32EF-45F0-B402-70CA29BFE89F}.Release|x64.ActiveCfg = Release|Any CPU
		{CAB24CE6-32EF-45F0-B402-70CA29BFE89F}.Release|x64.Build.0 = Release|Any CPU
		{CAB24CE6-32EF-45F0-B402-70CA29BFE89F}.Release|x86.ActiveCfg = Release|Any CPU
		{CAB24CE6-32EF-45F0-B402-70CA29BFE89F}.Release|x86.Build.0 = Release|Any CPU
		{69FBFCE1-207A-44D5-A497-9FF7B32D8D0F}.Ad-Hoc|Any CPU.ActiveCfg = Release|Any CPU
		{69FBFCE1-207A-44D5-A497-9FF7B32D8D0F}.Ad-Hoc|Any CPU.Build.0 = Release|Any CPU
		{69FBFCE1-207A-44D5-A497-9FF7B32D8D0F}.Ad-Hoc|Any CPU.Deploy.0 = Release|Any CPU
		{69FBFCE1-207A-44D5-A497-9FF7B32D8D0F}.Ad-Hoc|ARM.ActiveCfg = Release|Any CPU
		{69FBFCE1-207A-44D5-A497-9FF7B32D8D0F}.Ad-Hoc|ARM.Build.0 = Release|Any CPU
		{69FBFCE1-207A-44D5-A497-9FF7B32D8D0F}.Ad-Hoc|ARM.Deploy.0 = Release|Any CPU
		{69FBFCE1-207A-44D5-A497-9FF7B32D8D0F}.Ad-Hoc|iPhone.ActiveCfg = Release|Any CPU
		{69FBFCE1-207A-44D5-A497-9FF7B32D8D0F}.Ad-Hoc|iPhone.Build.0 = Release|Any CPU
		{69FBFCE1-207A-44D5-A497-9FF7B32D8D0F}.Ad-Hoc|iPhone.Deploy.0 = Release|Any CPU
		{69FBFCE1-207A-44D5-A497-9FF7B32D8D0F}.Ad-Hoc|iPhoneSimulator.ActiveCfg = Release|Any CPU
		{69FBFCE1-207A-44D5-A497-9FF7B32D8D0F}.Ad-Hoc|iPhoneSimulator.Build.0 = Release|Any CPU
		{69FBFCE1-207A-44D5-A497-9FF7B32D8D0F}.Ad-Hoc|iPhoneSimulator.Deploy.0 = Release|Any CPU
		{69FBFCE1-207A-44D5-A497-9FF7B32D8D0F}.Ad-Hoc|x64.ActiveCfg = Release|Any CPU
		{69FBFCE1-207A-44D5-A497-9FF7B32D8D0F}.Ad-Hoc|x64.Build.0 = Release|Any CPU
		{69FBFCE1-207A-44D5-A497-9FF7B32D8D0F}.Ad-Hoc|x64.Deploy.0 = Release|Any CPU
		{69FBFCE1-207A-44D5-A497-9FF7B32D8D0F}.Ad-Hoc|x86.ActiveCfg = Release|Any CPU
		{69FBFCE1-207A-44D5-A497-9FF7B32D8D0F}.Ad-Hoc|x86.Build.0 = Release|Any CPU
		{69FBFCE1-207A-44D5-A497-9FF7B32D8D0F}.Ad-Hoc|x86.Deploy.0 = Release|Any CPU
		{69FBFCE1-207A-44D5-A497-9FF7B32D8D0F}.AppStore|Any CPU.ActiveCfg = Release|Any CPU
		{69FBFCE1-207A-44D5-A497-9FF7B32D8D0F}.AppStore|Any CPU.Build.0 = Release|Any CPU
		{69FBFCE1-207A-44D5-A497-9FF7B32D8D0F}.AppStore|Any CPU.Deploy.0 = Release|Any CPU
		{69FBFCE1-207A-44D5-A497-9FF7B32D8D0F}.AppStore|ARM.ActiveCfg = Release|Any CPU
		{69FBFCE1-207A-44D5-A497-9FF7B32D8D0F}.AppStore|ARM.Build.0 = Release|Any CPU
		{69FBFCE1-207A-44D5-A497-9FF7B32D8D0F}.AppStore|ARM.Deploy.0 = Release|Any CPU
		{69FBFCE1-207A-44D5-A497-9FF7B32D8D0F}.AppStore|iPhone.ActiveCfg = Release|Any CPU
		{69FBFCE1-207A-44D5-A497-9FF7B32D8D0F}.AppStore|iPhone.Build.0 = Release|Any CPU
		{69FBFCE1-207A-44D5-A497-9FF7B32D8D0F}.AppStore|iPhone.Deploy.0 = Release|Any CPU
		{69FBFCE1-207A-44D5-A497-9FF7B32D8D0F}.AppStore|iPhoneSimulator.ActiveCfg = Release|Any CPU
		{69FBFCE1-207A-44D5-A497-9FF7B32D8D0F}.AppStore|iPhoneSimulator.Build.0 = Release|Any CPU
		{69FBFCE1-207A-44D5-A497-9FF7B32D8D0F}.AppStore|iPhoneSimulator.Deploy.0 = Release|Any CPU
		{69FBFCE1-207A-44D5-A497-9FF7B32D8D0F}.AppStore|x64.ActiveCfg = Release|Any CPU
		{69FBFCE1-207A-44D5-A497-9FF7B32D8D0F}.AppStore|x64.Build.0 = Release|Any CPU
		{69FBFCE1-207A-44D5-A497-9FF7B32D8D0F}.AppStore|x64.Deploy.0 = Release|Any CPU
		{69FBFCE1-207A-44D5-A497-9FF7B32D8D0F}.AppStore|x86.ActiveCfg = Release|Any CPU
		{69FBFCE1-207A-44D5-A497-9FF7B32D8D0F}.AppStore|x86.Build.0 = Release|Any CPU
		{69FBFCE1-207A-44D5-A497-9FF7B32D8D0F}.AppStore|x86.Deploy.0 = Release|Any CPU
		{69FBFCE1-207A-44D5-A497-9FF7B32D8D0F}.Debug|Any CPU.ActiveCfg = Debug|Any CPU
		{69FBFCE1-207A-44D5-A497-9FF7B32D8D0F}.Debug|Any CPU.Build.0 = Debug|Any CPU
		{69FBFCE1-207A-44D5-A497-9FF7B32D8D0F}.Debug|Any CPU.Deploy.0 = Debug|Any CPU
		{69FBFCE1-207A-44D5-A497-9FF7B32D8D0F}.Debug|ARM.ActiveCfg = Debug|Any CPU
		{69FBFCE1-207A-44D5-A497-9FF7B32D8D0F}.Debug|ARM.Build.0 = Debug|Any CPU
		{69FBFCE1-207A-44D5-A497-9FF7B32D8D0F}.Debug|ARM.Deploy.0 = Debug|Any CPU
		{69FBFCE1-207A-44D5-A497-9FF7B32D8D0F}.Debug|iPhone.ActiveCfg = Debug|Any CPU
		{69FBFCE1-207A-44D5-A497-9FF7B32D8D0F}.Debug|iPhone.Build.0 = Debug|Any CPU
		{69FBFCE1-207A-44D5-A497-9FF7B32D8D0F}.Debug|iPhone.Deploy.0 = Debug|Any CPU
		{69FBFCE1-207A-44D5-A497-9FF7B32D8D0F}.Debug|iPhoneSimulator.ActiveCfg = Debug|Any CPU
		{69FBFCE1-207A-44D5-A497-9FF7B32D8D0F}.Debug|iPhoneSimulator.Build.0 = Debug|Any CPU
		{69FBFCE1-207A-44D5-A497-9FF7B32D8D0F}.Debug|iPhoneSimulator.Deploy.0 = Debug|Any CPU
		{69FBFCE1-207A-44D5-A497-9FF7B32D8D0F}.Debug|x64.ActiveCfg = Debug|Any CPU
		{69FBFCE1-207A-44D5-A497-9FF7B32D8D0F}.Debug|x64.Build.0 = Debug|Any CPU
		{69FBFCE1-207A-44D5-A497-9FF7B32D8D0F}.Debug|x64.Deploy.0 = Debug|Any CPU
		{69FBFCE1-207A-44D5-A497-9FF7B32D8D0F}.Debug|x86.ActiveCfg = Debug|Any CPU
		{69FBFCE1-207A-44D5-A497-9FF7B32D8D0F}.Debug|x86.Build.0 = Debug|Any CPU
		{69FBFCE1-207A-44D5-A497-9FF7B32D8D0F}.Debug|x86.Deploy.0 = Debug|Any CPU
		{69FBFCE1-207A-44D5-A497-9FF7B32D8D0F}.Release|Any CPU.ActiveCfg = Release|Any CPU
		{69FBFCE1-207A-44D5-A497-9FF7B32D8D0F}.Release|Any CPU.Build.0 = Release|Any CPU
		{69FBFCE1-207A-44D5-A497-9FF7B32D8D0F}.Release|Any CPU.Deploy.0 = Release|Any CPU
		{69FBFCE1-207A-44D5-A497-9FF7B32D8D0F}.Release|ARM.ActiveCfg = Release|Any CPU
		{69FBFCE1-207A-44D5-A497-9FF7B32D8D0F}.Release|ARM.Build.0 = Release|Any CPU
		{69FBFCE1-207A-44D5-A497-9FF7B32D8D0F}.Release|ARM.Deploy.0 = Release|Any CPU
		{69FBFCE1-207A-44D5-A497-9FF7B32D8D0F}.Release|iPhone.ActiveCfg = Release|Any CPU
		{69FBFCE1-207A-44D5-A497-9FF7B32D8D0F}.Release|iPhone.Build.0 = Release|Any CPU
		{69FBFCE1-207A-44D5-A497-9FF7B32D8D0F}.Release|iPhone.Deploy.0 = Release|Any CPU
		{69FBFCE1-207A-44D5-A497-9FF7B32D8D0F}.Release|iPhoneSimulator.ActiveCfg = Release|Any CPU
		{69FBFCE1-207A-44D5-A497-9FF7B32D8D0F}.Release|iPhoneSimulator.Build.0 = Release|Any CPU
		{69FBFCE1-207A-44D5-A497-9FF7B32D8D0F}.Release|iPhoneSimulator.Deploy.0 = Release|Any CPU
		{69FBFCE1-207A-44D5-A497-9FF7B32D8D0F}.Release|x64.ActiveCfg = Release|Any CPU
		{69FBFCE1-207A-44D5-A497-9FF7B32D8D0F}.Release|x64.Build.0 = Release|Any CPU
		{69FBFCE1-207A-44D5-A497-9FF7B32D8D0F}.Release|x64.Deploy.0 = Release|Any CPU
		{69FBFCE1-207A-44D5-A497-9FF7B32D8D0F}.Release|x86.ActiveCfg = Release|Any CPU
		{69FBFCE1-207A-44D5-A497-9FF7B32D8D0F}.Release|x86.Build.0 = Release|Any CPU
		{69FBFCE1-207A-44D5-A497-9FF7B32D8D0F}.Release|x86.Deploy.0 = Release|Any CPU
		{FF4A9C94-E75C-43F0-89D1-7EEDB88B3CAE}.Ad-Hoc|Any CPU.ActiveCfg = Ad-Hoc|iPhone
		{FF4A9C94-E75C-43F0-89D1-7EEDB88B3CAE}.Ad-Hoc|ARM.ActiveCfg = Ad-Hoc|iPhone
		{FF4A9C94-E75C-43F0-89D1-7EEDB88B3CAE}.Ad-Hoc|iPhone.ActiveCfg = Ad-Hoc|iPhone
		{FF4A9C94-E75C-43F0-89D1-7EEDB88B3CAE}.Ad-Hoc|iPhone.Build.0 = Ad-Hoc|iPhone
		{FF4A9C94-E75C-43F0-89D1-7EEDB88B3CAE}.Ad-Hoc|iPhoneSimulator.ActiveCfg = Ad-Hoc|iPhoneSimulator
		{FF4A9C94-E75C-43F0-89D1-7EEDB88B3CAE}.Ad-Hoc|iPhoneSimulator.Build.0 = Ad-Hoc|iPhoneSimulator
		{FF4A9C94-E75C-43F0-89D1-7EEDB88B3CAE}.Ad-Hoc|x64.ActiveCfg = Ad-Hoc|iPhone
		{FF4A9C94-E75C-43F0-89D1-7EEDB88B3CAE}.Ad-Hoc|x86.ActiveCfg = Ad-Hoc|iPhone
		{FF4A9C94-E75C-43F0-89D1-7EEDB88B3CAE}.AppStore|Any CPU.ActiveCfg = AppStore|iPhone
		{FF4A9C94-E75C-43F0-89D1-7EEDB88B3CAE}.AppStore|ARM.ActiveCfg = AppStore|iPhone
		{FF4A9C94-E75C-43F0-89D1-7EEDB88B3CAE}.AppStore|iPhone.ActiveCfg = AppStore|iPhone
		{FF4A9C94-E75C-43F0-89D1-7EEDB88B3CAE}.AppStore|iPhone.Build.0 = AppStore|iPhone
		{FF4A9C94-E75C-43F0-89D1-7EEDB88B3CAE}.AppStore|iPhoneSimulator.ActiveCfg = AppStore|iPhoneSimulator
		{FF4A9C94-E75C-43F0-89D1-7EEDB88B3CAE}.AppStore|iPhoneSimulator.Build.0 = AppStore|iPhoneSimulator
		{FF4A9C94-E75C-43F0-89D1-7EEDB88B3CAE}.AppStore|x64.ActiveCfg = AppStore|iPhone
		{FF4A9C94-E75C-43F0-89D1-7EEDB88B3CAE}.AppStore|x86.ActiveCfg = AppStore|iPhone
		{FF4A9C94-E75C-43F0-89D1-7EEDB88B3CAE}.Debug|Any CPU.ActiveCfg = Debug|iPhone
		{FF4A9C94-E75C-43F0-89D1-7EEDB88B3CAE}.Debug|ARM.ActiveCfg = Debug|iPhone
		{FF4A9C94-E75C-43F0-89D1-7EEDB88B3CAE}.Debug|iPhone.ActiveCfg = Debug|iPhone
		{FF4A9C94-E75C-43F0-89D1-7EEDB88B3CAE}.Debug|iPhone.Build.0 = Debug|iPhone
		{FF4A9C94-E75C-43F0-89D1-7EEDB88B3CAE}.Debug|iPhoneSimulator.ActiveCfg = Debug|iPhoneSimulator
		{FF4A9C94-E75C-43F0-89D1-7EEDB88B3CAE}.Debug|iPhoneSimulator.Build.0 = Debug|iPhoneSimulator
		{FF4A9C94-E75C-43F0-89D1-7EEDB88B3CAE}.Debug|x64.ActiveCfg = Debug|iPhone
		{FF4A9C94-E75C-43F0-89D1-7EEDB88B3CAE}.Debug|x86.ActiveCfg = Debug|iPhone
		{FF4A9C94-E75C-43F0-89D1-7EEDB88B3CAE}.Release|Any CPU.ActiveCfg = Release|iPhone
		{FF4A9C94-E75C-43F0-89D1-7EEDB88B3CAE}.Release|ARM.ActiveCfg = Release|iPhone
		{FF4A9C94-E75C-43F0-89D1-7EEDB88B3CAE}.Release|iPhone.ActiveCfg = Release|iPhone
		{FF4A9C94-E75C-43F0-89D1-7EEDB88B3CAE}.Release|iPhone.Build.0 = Release|iPhone
		{FF4A9C94-E75C-43F0-89D1-7EEDB88B3CAE}.Release|iPhoneSimulator.ActiveCfg = Release|iPhoneSimulator
		{FF4A9C94-E75C-43F0-89D1-7EEDB88B3CAE}.Release|iPhoneSimulator.Build.0 = Release|iPhoneSimulator
		{FF4A9C94-E75C-43F0-89D1-7EEDB88B3CAE}.Release|x64.ActiveCfg = Release|iPhone
		{FF4A9C94-E75C-43F0-89D1-7EEDB88B3CAE}.Release|x86.ActiveCfg = Release|iPhone
		{B4871414-0DA3-40CB-B72F-B31AD42500DF}.Ad-Hoc|Any CPU.ActiveCfg = Release|Any CPU
		{B4871414-0DA3-40CB-B72F-B31AD42500DF}.Ad-Hoc|Any CPU.Build.0 = Release|Any CPU
		{B4871414-0DA3-40CB-B72F-B31AD42500DF}.Ad-Hoc|Any CPU.Deploy.0 = Release|Any CPU
		{B4871414-0DA3-40CB-B72F-B31AD42500DF}.Ad-Hoc|ARM.ActiveCfg = Release|ARM
		{B4871414-0DA3-40CB-B72F-B31AD42500DF}.Ad-Hoc|ARM.Build.0 = Release|ARM
		{B4871414-0DA3-40CB-B72F-B31AD42500DF}.Ad-Hoc|ARM.Deploy.0 = Release|ARM
		{B4871414-0DA3-40CB-B72F-B31AD42500DF}.Ad-Hoc|iPhone.ActiveCfg = Release|Any CPU
		{B4871414-0DA3-40CB-B72F-B31AD42500DF}.Ad-Hoc|iPhone.Build.0 = Release|Any CPU
		{B4871414-0DA3-40CB-B72F-B31AD42500DF}.Ad-Hoc|iPhone.Deploy.0 = Release|Any CPU
		{B4871414-0DA3-40CB-B72F-B31AD42500DF}.Ad-Hoc|iPhoneSimulator.ActiveCfg = Release|Any CPU
		{B4871414-0DA3-40CB-B72F-B31AD42500DF}.Ad-Hoc|iPhoneSimulator.Build.0 = Release|Any CPU
		{B4871414-0DA3-40CB-B72F-B31AD42500DF}.Ad-Hoc|iPhoneSimulator.Deploy.0 = Release|Any CPU
		{B4871414-0DA3-40CB-B72F-B31AD42500DF}.Ad-Hoc|x64.ActiveCfg = Release|Any CPU
		{B4871414-0DA3-40CB-B72F-B31AD42500DF}.Ad-Hoc|x64.Build.0 = Release|Any CPU
		{B4871414-0DA3-40CB-B72F-B31AD42500DF}.Ad-Hoc|x64.Deploy.0 = Release|Any CPU
		{B4871414-0DA3-40CB-B72F-B31AD42500DF}.Ad-Hoc|x86.ActiveCfg = Release|x86
		{B4871414-0DA3-40CB-B72F-B31AD42500DF}.Ad-Hoc|x86.Build.0 = Release|x86
		{B4871414-0DA3-40CB-B72F-B31AD42500DF}.Ad-Hoc|x86.Deploy.0 = Release|x86
		{B4871414-0DA3-40CB-B72F-B31AD42500DF}.AppStore|Any CPU.ActiveCfg = Release|Any CPU
		{B4871414-0DA3-40CB-B72F-B31AD42500DF}.AppStore|Any CPU.Build.0 = Release|Any CPU
		{B4871414-0DA3-40CB-B72F-B31AD42500DF}.AppStore|Any CPU.Deploy.0 = Release|Any CPU
		{B4871414-0DA3-40CB-B72F-B31AD42500DF}.AppStore|ARM.ActiveCfg = Release|ARM
		{B4871414-0DA3-40CB-B72F-B31AD42500DF}.AppStore|ARM.Build.0 = Release|ARM
		{B4871414-0DA3-40CB-B72F-B31AD42500DF}.AppStore|ARM.Deploy.0 = Release|ARM
		{B4871414-0DA3-40CB-B72F-B31AD42500DF}.AppStore|iPhone.ActiveCfg = Release|Any CPU
		{B4871414-0DA3-40CB-B72F-B31AD42500DF}.AppStore|iPhone.Build.0 = Release|Any CPU
		{B4871414-0DA3-40CB-B72F-B31AD42500DF}.AppStore|iPhone.Deploy.0 = Release|Any CPU
		{B4871414-0DA3-40CB-B72F-B31AD42500DF}.AppStore|iPhoneSimulator.ActiveCfg = Release|Any CPU
		{B4871414-0DA3-40CB-B72F-B31AD42500DF}.AppStore|iPhoneSimulator.Build.0 = Release|Any CPU
		{B4871414-0DA3-40CB-B72F-B31AD42500DF}.AppStore|iPhoneSimulator.Deploy.0 = Release|Any CPU
		{B4871414-0DA3-40CB-B72F-B31AD42500DF}.AppStore|x64.ActiveCfg = Release|Any CPU
		{B4871414-0DA3-40CB-B72F-B31AD42500DF}.AppStore|x64.Build.0 = Release|Any CPU
		{B4871414-0DA3-40CB-B72F-B31AD42500DF}.AppStore|x64.Deploy.0 = Release|Any CPU
		{B4871414-0DA3-40CB-B72F-B31AD42500DF}.AppStore|x86.ActiveCfg = Release|x86
		{B4871414-0DA3-40CB-B72F-B31AD42500DF}.AppStore|x86.Build.0 = Release|x86
		{B4871414-0DA3-40CB-B72F-B31AD42500DF}.AppStore|x86.Deploy.0 = Release|x86
		{B4871414-0DA3-40CB-B72F-B31AD42500DF}.Debug|Any CPU.ActiveCfg = Debug|Any CPU
		{B4871414-0DA3-40CB-B72F-B31AD42500DF}.Debug|Any CPU.Build.0 = Debug|Any CPU
		{B4871414-0DA3-40CB-B72F-B31AD42500DF}.Debug|Any CPU.Deploy.0 = Debug|Any CPU
		{B4871414-0DA3-40CB-B72F-B31AD42500DF}.Debug|ARM.ActiveCfg = Debug|ARM
		{B4871414-0DA3-40CB-B72F-B31AD42500DF}.Debug|ARM.Build.0 = Debug|ARM
		{B4871414-0DA3-40CB-B72F-B31AD42500DF}.Debug|ARM.Deploy.0 = Debug|ARM
		{B4871414-0DA3-40CB-B72F-B31AD42500DF}.Debug|iPhone.ActiveCfg = Debug|Any CPU
		{B4871414-0DA3-40CB-B72F-B31AD42500DF}.Debug|iPhone.Build.0 = Debug|Any CPU
		{B4871414-0DA3-40CB-B72F-B31AD42500DF}.Debug|iPhone.Deploy.0 = Debug|Any CPU
		{B4871414-0DA3-40CB-B72F-B31AD42500DF}.Debug|iPhoneSimulator.ActiveCfg = Debug|Any CPU
		{B4871414-0DA3-40CB-B72F-B31AD42500DF}.Debug|iPhoneSimulator.Build.0 = Debug|Any CPU
		{B4871414-0DA3-40CB-B72F-B31AD42500DF}.Debug|iPhoneSimulator.Deploy.0 = Debug|Any CPU
		{B4871414-0DA3-40CB-B72F-B31AD42500DF}.Debug|x64.ActiveCfg = Debug|Any CPU
		{B4871414-0DA3-40CB-B72F-B31AD42500DF}.Debug|x64.Build.0 = Debug|Any CPU
		{B4871414-0DA3-40CB-B72F-B31AD42500DF}.Debug|x64.Deploy.0 = Debug|Any CPU
		{B4871414-0DA3-40CB-B72F-B31AD42500DF}.Debug|x86.ActiveCfg = Debug|x86
		{B4871414-0DA3-40CB-B72F-B31AD42500DF}.Debug|x86.Build.0 = Debug|x86
		{B4871414-0DA3-40CB-B72F-B31AD42500DF}.Debug|x86.Deploy.0 = Debug|x86
		{B4871414-0DA3-40CB-B72F-B31AD42500DF}.Release|Any CPU.ActiveCfg = Release|Any CPU
		{B4871414-0DA3-40CB-B72F-B31AD42500DF}.Release|Any CPU.Build.0 = Release|Any CPU
		{B4871414-0DA3-40CB-B72F-B31AD42500DF}.Release|Any CPU.Deploy.0 = Release|Any CPU
		{B4871414-0DA3-40CB-B72F-B31AD42500DF}.Release|ARM.ActiveCfg = Release|ARM
		{B4871414-0DA3-40CB-B72F-B31AD42500DF}.Release|ARM.Build.0 = Release|ARM
		{B4871414-0DA3-40CB-B72F-B31AD42500DF}.Release|ARM.Deploy.0 = Release|ARM
		{B4871414-0DA3-40CB-B72F-B31AD42500DF}.Release|iPhone.ActiveCfg = Release|Any CPU
		{B4871414-0DA3-40CB-B72F-B31AD42500DF}.Release|iPhone.Build.0 = Release|Any CPU
		{B4871414-0DA3-40CB-B72F-B31AD42500DF}.Release|iPhone.Deploy.0 = Release|Any CPU
		{B4871414-0DA3-40CB-B72F-B31AD42500DF}.Release|iPhoneSimulator.ActiveCfg = Release|Any CPU
		{B4871414-0DA3-40CB-B72F-B31AD42500DF}.Release|iPhoneSimulator.Build.0 = Release|Any CPU
		{B4871414-0DA3-40CB-B72F-B31AD42500DF}.Release|iPhoneSimulator.Deploy.0 = Release|Any CPU
		{B4871414-0DA3-40CB-B72F-B31AD42500DF}.Release|x64.ActiveCfg = Release|Any CPU
		{B4871414-0DA3-40CB-B72F-B31AD42500DF}.Release|x64.Build.0 = Release|Any CPU
		{B4871414-0DA3-40CB-B72F-B31AD42500DF}.Release|x64.Deploy.0 = Release|Any CPU
		{B4871414-0DA3-40CB-B72F-B31AD42500DF}.Release|x86.ActiveCfg = Release|x86
		{B4871414-0DA3-40CB-B72F-B31AD42500DF}.Release|x86.Build.0 = Release|x86
		{B4871414-0DA3-40CB-B72F-B31AD42500DF}.Release|x86.Deploy.0 = Release|x86
		{983F673B-F628-432E-A26C-9C218013BAED}.Ad-Hoc|Any CPU.ActiveCfg = Release|Any CPU
		{983F673B-F628-432E-A26C-9C218013BAED}.Ad-Hoc|Any CPU.Build.0 = Release|Any CPU
		{983F673B-F628-432E-A26C-9C218013BAED}.Ad-Hoc|Any CPU.Deploy.0 = Release|Any CPU
		{983F673B-F628-432E-A26C-9C218013BAED}.Ad-Hoc|ARM.ActiveCfg = Release|ARM
		{983F673B-F628-432E-A26C-9C218013BAED}.Ad-Hoc|ARM.Build.0 = Release|ARM
		{983F673B-F628-432E-A26C-9C218013BAED}.Ad-Hoc|ARM.Deploy.0 = Release|ARM
		{983F673B-F628-432E-A26C-9C218013BAED}.Ad-Hoc|iPhone.ActiveCfg = Release|Any CPU
		{983F673B-F628-432E-A26C-9C218013BAED}.Ad-Hoc|iPhone.Build.0 = Release|Any CPU
		{983F673B-F628-432E-A26C-9C218013BAED}.Ad-Hoc|iPhone.Deploy.0 = Release|Any CPU
		{983F673B-F628-432E-A26C-9C218013BAED}.Ad-Hoc|iPhoneSimulator.ActiveCfg = Release|Any CPU
		{983F673B-F628-432E-A26C-9C218013BAED}.Ad-Hoc|iPhoneSimulator.Build.0 = Release|Any CPU
		{983F673B-F628-432E-A26C-9C218013BAED}.Ad-Hoc|iPhoneSimulator.Deploy.0 = Release|Any CPU
		{983F673B-F628-432E-A26C-9C218013BAED}.Ad-Hoc|x64.ActiveCfg = Release|x64
		{983F673B-F628-432E-A26C-9C218013BAED}.Ad-Hoc|x64.Build.0 = Release|x64
		{983F673B-F628-432E-A26C-9C218013BAED}.Ad-Hoc|x64.Deploy.0 = Release|x64
		{983F673B-F628-432E-A26C-9C218013BAED}.Ad-Hoc|x86.ActiveCfg = Release|x86
		{983F673B-F628-432E-A26C-9C218013BAED}.Ad-Hoc|x86.Build.0 = Release|x86
		{983F673B-F628-432E-A26C-9C218013BAED}.Ad-Hoc|x86.Deploy.0 = Release|x86
		{983F673B-F628-432E-A26C-9C218013BAED}.AppStore|Any CPU.ActiveCfg = Release|Any CPU
		{983F673B-F628-432E-A26C-9C218013BAED}.AppStore|Any CPU.Build.0 = Release|Any CPU
		{983F673B-F628-432E-A26C-9C218013BAED}.AppStore|Any CPU.Deploy.0 = Release|Any CPU
		{983F673B-F628-432E-A26C-9C218013BAED}.AppStore|ARM.ActiveCfg = Release|ARM
		{983F673B-F628-432E-A26C-9C218013BAED}.AppStore|ARM.Build.0 = Release|ARM
		{983F673B-F628-432E-A26C-9C218013BAED}.AppStore|ARM.Deploy.0 = Release|ARM
		{983F673B-F628-432E-A26C-9C218013BAED}.AppStore|iPhone.ActiveCfg = Release|Any CPU
		{983F673B-F628-432E-A26C-9C218013BAED}.AppStore|iPhone.Build.0 = Release|Any CPU
		{983F673B-F628-432E-A26C-9C218013BAED}.AppStore|iPhone.Deploy.0 = Release|Any CPU
		{983F673B-F628-432E-A26C-9C218013BAED}.AppStore|iPhoneSimulator.ActiveCfg = Release|Any CPU
		{983F673B-F628-432E-A26C-9C218013BAED}.AppStore|iPhoneSimulator.Build.0 = Release|Any CPU
		{983F673B-F628-432E-A26C-9C218013BAED}.AppStore|iPhoneSimulator.Deploy.0 = Release|Any CPU
		{983F673B-F628-432E-A26C-9C218013BAED}.AppStore|x64.ActiveCfg = Release|x64
		{983F673B-F628-432E-A26C-9C218013BAED}.AppStore|x64.Build.0 = Release|x64
		{983F673B-F628-432E-A26C-9C218013BAED}.AppStore|x64.Deploy.0 = Release|x64
		{983F673B-F628-432E-A26C-9C218013BAED}.AppStore|x86.ActiveCfg = Release|x86
		{983F673B-F628-432E-A26C-9C218013BAED}.AppStore|x86.Build.0 = Release|x86
		{983F673B-F628-432E-A26C-9C218013BAED}.AppStore|x86.Deploy.0 = Release|x86
		{983F673B-F628-432E-A26C-9C218013BAED}.Debug|Any CPU.ActiveCfg = Debug|Any CPU
		{983F673B-F628-432E-A26C-9C218013BAED}.Debug|Any CPU.Build.0 = Debug|Any CPU
		{983F673B-F628-432E-A26C-9C218013BAED}.Debug|Any CPU.Deploy.0 = Debug|Any CPU
		{983F673B-F628-432E-A26C-9C218013BAED}.Debug|ARM.ActiveCfg = Debug|ARM
		{983F673B-F628-432E-A26C-9C218013BAED}.Debug|ARM.Build.0 = Debug|ARM
		{983F673B-F628-432E-A26C-9C218013BAED}.Debug|ARM.Deploy.0 = Debug|ARM
		{983F673B-F628-432E-A26C-9C218013BAED}.Debug|iPhone.ActiveCfg = Debug|Any CPU
		{983F673B-F628-432E-A26C-9C218013BAED}.Debug|iPhone.Build.0 = Debug|Any CPU
		{983F673B-F628-432E-A26C-9C218013BAED}.Debug|iPhone.Deploy.0 = Debug|Any CPU
		{983F673B-F628-432E-A26C-9C218013BAED}.Debug|iPhoneSimulator.ActiveCfg = Debug|Any CPU
		{983F673B-F628-432E-A26C-9C218013BAED}.Debug|iPhoneSimulator.Build.0 = Debug|Any CPU
		{983F673B-F628-432E-A26C-9C218013BAED}.Debug|iPhoneSimulator.Deploy.0 = Debug|Any CPU
		{983F673B-F628-432E-A26C-9C218013BAED}.Debug|x64.ActiveCfg = Debug|x64
		{983F673B-F628-432E-A26C-9C218013BAED}.Debug|x64.Build.0 = Debug|x64
		{983F673B-F628-432E-A26C-9C218013BAED}.Debug|x64.Deploy.0 = Debug|x64
		{983F673B-F628-432E-A26C-9C218013BAED}.Debug|x86.ActiveCfg = Debug|x86
		{983F673B-F628-432E-A26C-9C218013BAED}.Debug|x86.Build.0 = Debug|x86
		{983F673B-F628-432E-A26C-9C218013BAED}.Debug|x86.Deploy.0 = Debug|x86
		{983F673B-F628-432E-A26C-9C218013BAED}.Release|Any CPU.ActiveCfg = Release|Any CPU
		{983F673B-F628-432E-A26C-9C218013BAED}.Release|Any CPU.Build.0 = Release|Any CPU
		{983F673B-F628-432E-A26C-9C218013BAED}.Release|Any CPU.Deploy.0 = Release|Any CPU
		{983F673B-F628-432E-A26C-9C218013BAED}.Release|ARM.ActiveCfg = Release|ARM
		{983F673B-F628-432E-A26C-9C218013BAED}.Release|ARM.Build.0 = Release|ARM
		{983F673B-F628-432E-A26C-9C218013BAED}.Release|ARM.Deploy.0 = Release|ARM
		{983F673B-F628-432E-A26C-9C218013BAED}.Release|iPhone.ActiveCfg = Release|Any CPU
		{983F673B-F628-432E-A26C-9C218013BAED}.Release|iPhone.Build.0 = Release|Any CPU
		{983F673B-F628-432E-A26C-9C218013BAED}.Release|iPhone.Deploy.0 = Release|Any CPU
		{983F673B-F628-432E-A26C-9C218013BAED}.Release|iPhoneSimulator.ActiveCfg = Release|Any CPU
		{983F673B-F628-432E-A26C-9C218013BAED}.Release|iPhoneSimulator.Build.0 = Release|Any CPU
		{983F673B-F628-432E-A26C-9C218013BAED}.Release|iPhoneSimulator.Deploy.0 = Release|Any CPU
		{983F673B-F628-432E-A26C-9C218013BAED}.Release|x64.ActiveCfg = Release|x64
		{983F673B-F628-432E-A26C-9C218013BAED}.Release|x64.Build.0 = Release|x64
		{983F673B-F628-432E-A26C-9C218013BAED}.Release|x64.Deploy.0 = Release|x64
		{983F673B-F628-432E-A26C-9C218013BAED}.Release|x86.ActiveCfg = Release|x86
		{983F673B-F628-432E-A26C-9C218013BAED}.Release|x86.Build.0 = Release|x86
		{983F673B-F628-432E-A26C-9C218013BAED}.Release|x86.Deploy.0 = Release|x86
	EndGlobalSection
	GlobalSection(SolutionProperties) = preSolution
		HideSolutionNode = FALSE
	EndGlobalSection
EndGlobal
